<?xml version="1.0" encoding="utf-8"?>
<Project ToolsVersion="4.0" xmlns="http://schemas.microsoft.com/developer/msbuild/2003">
  <ItemGroup>
    <Filter Include="ソース ファイル">
      <UniqueIdentifier>{4FC737F1-C7A5-4376-A066-2A32D752A2FF}</UniqueIdentifier>
      <Extensions>cpp;c;cc;cxx;def;odl;idl;hpj;bat;asm;asmx</Extensions>
    </Filter>
    <Filter Include="ヘッダー ファイル">
      <UniqueIdentifier>{93995380-89BD-4b04-88EB-625FBE52EBFB}</UniqueIdentifier>
      <Extensions>h;hh;hpp;hxx;hm;inl;inc;xsd</Extensions>
    </Filter>
    <Filter Include="リソース ファイル">
      <UniqueIdentifier>{67DA6AB6-F800-4c08-8B7A-83BB121AAD01}</UniqueIdentifier>
      <Extensions>rc;ico;cur;bmp;dlg;rc2;rct;bin;rgs;gif;jpg;jpeg;jpe;resx;tiff;tif;png;wav;mfcribbon-ms</Extensions>
    </Filter>
    <Filter Include="ソース ファイル\Irrlicht-i18n">
      <UniqueIdentifier>{76cabc44-865d-41ad-a4fb-cfc990332459}</UniqueIdentifier>
    </Filter>
    <Filter Include="ヘッダー ファイル\Irrlicht-i18n">
      <UniqueIdentifier>{47a76a51-81ca-4ebd-8588-31855d3dfe4b}</UniqueIdentifier>
    </Filter>
  </ItemGroup>
  <ItemGroup>
    <ClCompile Include="winmain.cpp">
      <Filter>ソース ファイル</Filter>
    </ClCompile>
    <ClCompile Include="Irrlicht-i18n\CGUITTFont.cpp">
      <Filter>ソース ファイル\Irrlicht-i18n</Filter>
    </ClCompile>
    <ClCompile Include="Application.cpp">
      <Filter>ソース ファイル</Filter>
    </ClCompile>
  </ItemGroup>
  <ItemGroup>
    <ClInclude Include="Irrlicht-i18n\CGUITTFont.h">
      <Filter>ヘッダー ファイル\Irrlicht-i18n</Filter>
    </ClInclude>
    <ClInclude Include="Irrlicht-i18n\irrUString.h">
      <Filter>ヘッダー ファイル\Irrlicht-i18n</Filter>
    </ClInclude>
    <ClInclude Include="Application.h">
      <Filter>ヘッダー ファイル</Filter>
    </ClInclude>
  </ItemGroup>
</Project>